
Microsoft Visual Studio Solution File, Format Version 12.00
# Visual Studio 15
VisualStudioVersion = 15.0.28307.572
MinimumVisualStudioVersion = 10.0.40219.1
Project("{FAE04EC0-301F-11D3-BF4B-00C04F79EFBC}") = "RMAnalyser", "RMAnalyser\RMAnalyser.csproj", "{74B973FB-0475-459A-B806-B9C54BBE00C3}"
EndProject
Global
	GlobalSection(SolutionConfigurationPlatforms) = preSolution
		Debug|Any CPU = Debug|Any CPU
		Release|Any CPU = Release|Any CPU
	EndGlobalSection
	GlobalSection(ProjectConfigurationPlatforms) = postSolution
		{74B973FB-0475-459A-B806-B9C54BBE00C3}.Debug|Any CPU.ActiveCfg = Debug|Any CPU
		{74B973FB-0475-459A-B806-B9C54BBE00C3}.Debug|Any CPU.Build.0 = Debug|Any CPU
		{74B973FB-0475-459A-B806-B9C54BBE00C3}.Release|Any CPU.ActiveCfg = Release|Any CPU
		{74B973FB-0475-459A-B806-B9C54BBE00C3}.Release|Any CPU.Build.0 = Release|Any CPU
	EndGlobalSection
	GlobalSection(SolutionProperties) = preSolution
		HideSolutionNode = FALSE
	EndGlobalSection
	GlobalSection(ExtensibilityGlobals) = postSolution
		SolutionGuid = {33588E9F-A0A0-4F88-AC44-EDF6517C3A12}
	EndGlobalSection
EndGlobal
